
Microsoft Visual Studio Solution File, Format Version 12.00
# Visual Studio Version 16
VisualStudioVersion = 16.0.30523.141
MinimumVisualStudioVersion = 10.0.40219.1
Project("{9A19103F-16F7-4668-BE54-9A1E7A4F7556}") = "HealthcareBase", "HealthcareBase\HealthcareBase.csproj", "{E3D71A55-F14E-4BA0-9295-935BA8A8DE0E}"
EndProject
Project("{9A19103F-16F7-4668-BE54-9A1E7A4F7556}") = "WPFHospitalEditor", "WPFHospitalEditor\WPFHospitalEditor.csproj", "{8A270394-8874-426A-A846-3892E54EB437}"
EndProject
Project("{9A19103F-16F7-4668-BE54-9A1E7A4F7556}") = "HospitalWebApp", "HospitalWebApp\HospitalWebApp.csproj", "{7CB35A4E-A104-4098-A2FE-23E4A42856B0}"
EndProject
Project("{9A19103F-16F7-4668-BE54-9A1E7A4F7556}") = "HealthcareBaseTests", "HealthcareBaseTests\HealthcareBaseTests.csproj", "{3EF55118-B41F-4E4F-BB2C-07BD77A46FCE}"
EndProject
Project("{FAE04EC0-301F-11D3-BF4B-00C04F79EFBC}") = "WPFDirector", "WPFDirector\WPFDirector.csproj", "{0DC96460-ED74-4960-BA6C-2331AC5B4D25}"
EndProject
Project("{FAE04EC0-301F-11D3-BF4B-00C04F79EFBC}") = "WPFDoctor", "WPFDoctor\WPFDoctor.csproj", "{88BBAFCF-5506-4142-A99B-B6058493C5EC}"
EndProject
Project("{FAE04EC0-301F-11D3-BF4B-00C04F79EFBC}") = "WPFSecretary", "WPFSecretary\WPFSecretary.csproj", "{827F9C2F-B7EA-4512-8252-410591D5F4D6}"
EndProject
Project("{FAE04EC0-301F-11D3-BF4B-00C04F79EFBC}") = "WPFPatient", "WPFPatient\WPFPatient.csproj", "{6DC5961F-A486-44E1-8548-E349DA9E4819}"
EndProject
Global
	GlobalSection(SolutionConfigurationPlatforms) = preSolution
		Debug|Any CPU = Debug|Any CPU
		Release|Any CPU = Release|Any CPU
	EndGlobalSection
	GlobalSection(ProjectConfigurationPlatforms) = postSolution
		{E3D71A55-F14E-4BA0-9295-935BA8A8DE0E}.Debug|Any CPU.ActiveCfg = Debug|Any CPU
		{E3D71A55-F14E-4BA0-9295-935BA8A8DE0E}.Debug|Any CPU.Build.0 = Debug|Any CPU
		{E3D71A55-F14E-4BA0-9295-935BA8A8DE0E}.Release|Any CPU.ActiveCfg = Release|Any CPU
		{E3D71A55-F14E-4BA0-9295-935BA8A8DE0E}.Release|Any CPU.Build.0 = Release|Any CPU
		{8A270394-8874-426A-A846-3892E54EB437}.Debug|Any CPU.ActiveCfg = Debug|Any CPU
		{8A270394-8874-426A-A846-3892E54EB437}.Debug|Any CPU.Build.0 = Debug|Any CPU
		{8A270394-8874-426A-A846-3892E54EB437}.Release|Any CPU.ActiveCfg = Release|Any CPU
		{8A270394-8874-426A-A846-3892E54EB437}.Release|Any CPU.Build.0 = Release|Any CPU
		{7CB35A4E-A104-4098-A2FE-23E4A42856B0}.Debug|Any CPU.ActiveCfg = Debug|Any CPU
		{7CB35A4E-A104-4098-A2FE-23E4A42856B0}.Debug|Any CPU.Build.0 = Debug|Any CPU
		{7CB35A4E-A104-4098-A2FE-23E4A42856B0}.Release|Any CPU.ActiveCfg = Release|Any CPU
		{7CB35A4E-A104-4098-A2FE-23E4A42856B0}.Release|Any CPU.Build.0 = Release|Any CPU
		{3EF55118-B41F-4E4F-BB2C-07BD77A46FCE}.Debug|Any CPU.ActiveCfg = Debug|Any CPU
		{3EF55118-B41F-4E4F-BB2C-07BD77A46FCE}.Debug|Any CPU.Build.0 = Debug|Any CPU
		{3EF55118-B41F-4E4F-BB2C-07BD77A46FCE}.Release|Any CPU.ActiveCfg = Release|Any CPU
		{3EF55118-B41F-4E4F-BB2C-07BD77A46FCE}.Release|Any CPU.Build.0 = Release|Any CPU
		{0DC96460-ED74-4960-BA6C-2331AC5B4D25}.Debug|Any CPU.ActiveCfg = Debug|Any CPU
		{0DC96460-ED74-4960-BA6C-2331AC5B4D25}.Debug|Any CPU.Build.0 = Debug|Any CPU
		{0DC96460-ED74-4960-BA6C-2331AC5B4D25}.Release|Any CPU.ActiveCfg = Release|Any CPU
		{0DC96460-ED74-4960-BA6C-2331AC5B4D25}.Release|Any CPU.Build.0 = Release|Any CPU
		{88BBAFCF-5506-4142-A99B-B6058493C5EC}.Debug|Any CPU.ActiveCfg = Debug|Any CPU
		{88BBAFCF-5506-4142-A99B-B6058493C5EC}.Debug|Any CPU.Build.0 = Debug|Any CPU
		{88BBAFCF-5506-4142-A99B-B6058493C5EC}.Release|Any CPU.ActiveCfg = Release|Any CPU
		{88BBAFCF-5506-4142-A99B-B6058493C5EC}.Release|Any CPU.Build.0 = Release|Any CPU
		{827F9C2F-B7EA-4512-8252-410591D5F4D6}.Debug|Any CPU.ActiveCfg = Debug|Any CPU
		{827F9C2F-B7EA-4512-8252-410591D5F4D6}.Debug|Any CPU.Build.0 = Debug|Any CPU
		{827F9C2F-B7EA-4512-8252-410591D5F4D6}.Release|Any CPU.ActiveCfg = Release|Any CPU
		{827F9C2F-B7EA-4512-8252-410591D5F4D6}.Release|Any CPU.Build.0 = Release|Any CPU
		{6DC5961F-A486-44E1-8548-E349DA9E4819}.Debug|Any CPU.ActiveCfg = Debug|Any CPU
		{6DC5961F-A486-44E1-8548-E349DA9E4819}.Debug|Any CPU.Build.0 = Debug|Any CPU
		{6DC5961F-A486-44E1-8548-E349DA9E4819}.Release|Any CPU.ActiveCfg = Release|Any CPU
		{6DC5961F-A486-44E1-8548-E349DA9E4819}.Release|Any CPU.Build.0 = Release|Any CPU
	EndGlobalSection
	GlobalSection(SolutionProperties) = preSolution
		HideSolutionNode = FALSE
	EndGlobalSection
	GlobalSection(ExtensibilityGlobals) = postSolution
		SolutionGuid = {E887308F-275A-4296-AB73-C368628CD264}
	EndGlobalSection
EndGlobal
