
Microsoft Visual Studio Solution File, Format Version 12.00
# Visual Studio Version 16
VisualStudioVersion = 16.0.30523.141
MinimumVisualStudioVersion = 10.0.40219.1
Project("{9A19103F-16F7-4668-BE54-9A1E7A4F7556}") = "HealthcareBase", "HealthcareBase\HealthcareBase.csproj", "{E3D71A55-F14E-4BA0-9295-935BA8A8DE0E}"
EndProject
Project("{9A19103F-16F7-4668-BE54-9A1E7A4F7556}") = "WPFHospitalEditor", "WPFHospitalEditor\WPFHospitalEditor.csproj", "{8A270394-8874-426A-A846-3892E54EB437}"
EndProject
Project("{9A19103F-16F7-4668-BE54-9A1E7A4F7556}") = "HospitalWebApp", "HospitalWebApp\HospitalWebApp.csproj", "{7CB35A4E-A104-4098-A2FE-23E4A42856B0}"
EndProject
Project("{9A19103F-16F7-4668-BE54-9A1E7A4F7556}") = "HealthcareBaseUnitTests", "HealthcareBaseUnitTests\HealthcareBaseUnitTests.csproj", "{9564E34A-6EF5-4E4E-A250-2A348C5A031D}"
EndProject
Project("{9A19103F-16F7-4668-BE54-9A1E7A4F7556}") = "HospitalWebAppIntegrationTests", "HospitalWebAppIntegrationTests\HospitalWebAppIntegrationTests.csproj", "{51B18CC7-B280-4A8F-A019-CAE492B7ACDF}"
EndProject
Project("{9A19103F-16F7-4668-BE54-9A1E7A4F7556}") = "WPFDirector", "WPFDirector\WPFDirector.csproj", "{0DC96460-ED74-4960-BA6C-2331AC5B4D25}"
EndProject
Project("{9A19103F-16F7-4668-BE54-9A1E7A4F7556}") = "WPFDoctor", "WPFDoctor\WPFDoctor.csproj", "{88BBAFCF-5506-4142-A99B-B6058493C5EC}"
EndProject
Project("{9A19103F-16F7-4668-BE54-9A1E7A4F7556}") = "WPFSecretary", "WPFSecretary\WPFSecretary.csproj", "{827F9C2F-B7EA-4512-8252-410591D5F4D6}"
EndProject
Project("{9A19103F-16F7-4668-BE54-9A1E7A4F7556}") = "WPFPatient", "WPFPatient\WPFPatient.csproj", "{6DC5961F-A486-44E1-8548-E349DA9E4819}"
EndProject
Project("{9A19103F-16F7-4668-BE54-9A1E7A4F7556}") = "WPFHospitalEditorUnitTests", "WPFHospitalEditorUnitTests\WPFHospitalEditorUnitTests.csproj", "{658EC0BF-D3BC-47F3-B8F3-1D5DB3C27455}"
EndProject
Project("{9A19103F-16F7-4668-BE54-9A1E7A4F7556}") = "WPFHospitalEditorE2ETests", "WPFHospitalEditorE2ETests\WPFHospitalEditorE2ETests.csproj", "{37713638-861F-4748-8DEE-6E14FA060317}"
EndProject
Project("{2150E333-8FDC-42A3-9474-1A3956D46DE8}") = "Services", "Services", "{1099378E-C8A4-4DA8-AA59-1F1BF2ACD2CB}"
EndProject
Project("{2150E333-8FDC-42A3-9474-1A3956D46DE8}") = "ApiGateways", "ApiGateways", "{6FBAA8C2-A4BF-426A-A9BB-1513076CA6B9}"
EndProject
Project("{2150E333-8FDC-42A3-9474-1A3956D46DE8}") = "Feedback", "Feedback", "{7FE3A025-C17F-4932-8E48-799B04C12B02}"
EndProject
Project("{2150E333-8FDC-42A3-9474-1A3956D46DE8}") = "Schedule", "Schedule", "{A30E9463-825E-4CCC-AD98-FEF58A93F08C}"
EndProject
Project("{2150E333-8FDC-42A3-9474-1A3956D46DE8}") = "Hospital", "Hospital", "{ECB35A05-6BBD-4F22-8F36-07F8205CB3EC}"
EndProject
Project("{2150E333-8FDC-42A3-9474-1A3956D46DE8}") = "User", "User", "{6F3EB607-9C36-443C-89DB-5DAF544B3E16}"
EndProject
Project("{2150E333-8FDC-42A3-9474-1A3956D46DE8}") = "Tests", "Tests", "{16AF8EAB-33F6-4C71-9D06-05F029C8CEFB}"
EndProject
Project("{2150E333-8FDC-42A3-9474-1A3956D46DE8}") = "Tests", "Tests", "{574F09F4-1848-4C6C-BF81-8D3BD7B4950A}"
EndProject
Project("{2150E333-8FDC-42A3-9474-1A3956D46DE8}") = "Tests", "Tests", "{8ECF9079-76E9-49EA-928B-4ABDB190F768}"
EndProject
Project("{2150E333-8FDC-42A3-9474-1A3956D46DE8}") = "Tests", "Tests", "{67753E89-612F-4982-9940-817CD3B782C7}"
EndProject
Project("{9A19103F-16F7-4668-BE54-9A1E7A4F7556}") = "Feedback.API", "Feedback.API\Feedback.API.csproj", "{174FEA08-EEE0-442C-90BE-B3532669E12A}"
EndProject
Project("{9A19103F-16F7-4668-BE54-9A1E7A4F7556}") = "Hospital.API", "Hospital.API\Hospital.API.csproj", "{06B748CC-AA50-4783-B23E-F55CEAACB4EC}"
EndProject
Project("{9A19103F-16F7-4668-BE54-9A1E7A4F7556}") = "Schedule.API", "Schedule.API\Schedule.API.csproj", "{D2D66898-8551-43D2-A0E5-6786F742F330}"
EndProject
Project("{9A19103F-16F7-4668-BE54-9A1E7A4F7556}") = "User.API", "User.API\User.API.csproj", "{06A64023-957F-4F17-8947-34E2716F62F3}"
EndProject
Project("{9A19103F-16F7-4668-BE54-9A1E7A4F7556}") = "General", "General\General.csproj", "{E408D62E-E8A4-441A-8EEB-3092EC21E710}"
EndProject
Project("{9A19103F-16F7-4668-BE54-9A1E7A4F7556}") = "OcelotApiGateway", "OcelotApiGateway\OcelotApiGateway.csproj", "{A398FDB8-C2BB-4762-9A43-626FF08FC715}"
EndProject
Project("{9A19103F-16F7-4668-BE54-9A1E7A4F7556}") = "Feedback.API.IntegrationTests", "Feedback.API.IntegrationTests\Feedback.API.IntegrationTests.csproj", "{017C55A0-1E9B-4D46-81BD-5B7A7011C540}"
EndProject
Project("{9A19103F-16F7-4668-BE54-9A1E7A4F7556}") = "Feedback.API.UnitTests", "Feedback.API.UnitTests\Feedback.API.UnitTests.csproj", "{61B4684E-B670-414A-8412-34E247CF50D2}"
EndProject
Project("{9A19103F-16F7-4668-BE54-9A1E7A4F7556}") = "User.API.IntegrationTests", "User.API.IntegrationTests\User.API.IntegrationTests.csproj", "{2738FBCC-F470-41EA-BADD-A5F884B0C8AB}"
EndProject
Project("{9A19103F-16F7-4668-BE54-9A1E7A4F7556}") = "User.API.UnitTests", "User.API.UnitTests\User.API.UnitTests.csproj", "{C4ABA54D-82F9-4555-A4A1-0E5B1641A652}"
EndProject
Project("{FAE04EC0-301F-11D3-BF4B-00C04F79EFBC}") = "Hospital.API.IntegrationTests", "Hospital.API.IntegrationTests\Hospital.API.IntegrationTests.csproj", "{9752CFAA-036C-4FB2-8EE6-91AD0537F236}"
EndProject
Project("{FAE04EC0-301F-11D3-BF4B-00C04F79EFBC}") = "Hospital.API.UnitTests", "Hospital.API.UnitTests\Hospital.API.UnitTests.csproj", "{8E6C443F-7C23-4055-A1EF-1E2CD7EDBEF3}"
EndProject
Project("{FAE04EC0-301F-11D3-BF4B-00C04F79EFBC}") = "Schedule.API.IntegrationTests", "Schedule.API.IntegrationTests\Schedule.API.IntegrationTests.csproj", "{BBC1EB8C-99F2-4DBC-997D-60B7D54505FD}"
EndProject
Project("{FAE04EC0-301F-11D3-BF4B-00C04F79EFBC}") = "Schedule.API.UnitTests", "Schedule.API.UnitTests\Schedule.API.UnitTests.csproj", "{82BAAC61-6CDE-4DA9-84C4-26EAE9C4DE5E}"
EndProject
Global
	GlobalSection(SolutionConfigurationPlatforms) = preSolution
		Debug|Any CPU = Debug|Any CPU
		Release|Any CPU = Release|Any CPU
	EndGlobalSection
	GlobalSection(ProjectConfigurationPlatforms) = postSolution
		{E3D71A55-F14E-4BA0-9295-935BA8A8DE0E}.Debug|Any CPU.ActiveCfg = Debug|Any CPU
		{E3D71A55-F14E-4BA0-9295-935BA8A8DE0E}.Debug|Any CPU.Build.0 = Debug|Any CPU
		{E3D71A55-F14E-4BA0-9295-935BA8A8DE0E}.Release|Any CPU.ActiveCfg = Release|Any CPU
		{E3D71A55-F14E-4BA0-9295-935BA8A8DE0E}.Release|Any CPU.Build.0 = Release|Any CPU
		{8A270394-8874-426A-A846-3892E54EB437}.Debug|Any CPU.ActiveCfg = Debug|Any CPU
		{8A270394-8874-426A-A846-3892E54EB437}.Debug|Any CPU.Build.0 = Debug|Any CPU
		{8A270394-8874-426A-A846-3892E54EB437}.Release|Any CPU.ActiveCfg = Release|Any CPU
		{8A270394-8874-426A-A846-3892E54EB437}.Release|Any CPU.Build.0 = Release|Any CPU
		{7CB35A4E-A104-4098-A2FE-23E4A42856B0}.Debug|Any CPU.ActiveCfg = Debug|Any CPU
		{7CB35A4E-A104-4098-A2FE-23E4A42856B0}.Debug|Any CPU.Build.0 = Debug|Any CPU
		{7CB35A4E-A104-4098-A2FE-23E4A42856B0}.Release|Any CPU.ActiveCfg = Release|Any CPU
		{7CB35A4E-A104-4098-A2FE-23E4A42856B0}.Release|Any CPU.Build.0 = Release|Any CPU
		{9564E34A-6EF5-4E4E-A250-2A348C5A031D}.Debug|Any CPU.ActiveCfg = Debug|Any CPU
		{9564E34A-6EF5-4E4E-A250-2A348C5A031D}.Debug|Any CPU.Build.0 = Debug|Any CPU
		{9564E34A-6EF5-4E4E-A250-2A348C5A031D}.Release|Any CPU.ActiveCfg = Release|Any CPU
		{9564E34A-6EF5-4E4E-A250-2A348C5A031D}.Release|Any CPU.Build.0 = Release|Any CPU
		{51B18CC7-B280-4A8F-A019-CAE492B7ACDF}.Debug|Any CPU.ActiveCfg = Debug|Any CPU
		{51B18CC7-B280-4A8F-A019-CAE492B7ACDF}.Debug|Any CPU.Build.0 = Debug|Any CPU
		{51B18CC7-B280-4A8F-A019-CAE492B7ACDF}.Release|Any CPU.ActiveCfg = Release|Any CPU
		{51B18CC7-B280-4A8F-A019-CAE492B7ACDF}.Release|Any CPU.Build.0 = Release|Any CPU
		{0DC96460-ED74-4960-BA6C-2331AC5B4D25}.Debug|Any CPU.ActiveCfg = Debug|Any CPU
		{0DC96460-ED74-4960-BA6C-2331AC5B4D25}.Debug|Any CPU.Build.0 = Debug|Any CPU
		{0DC96460-ED74-4960-BA6C-2331AC5B4D25}.Release|Any CPU.ActiveCfg = Release|Any CPU
		{0DC96460-ED74-4960-BA6C-2331AC5B4D25}.Release|Any CPU.Build.0 = Release|Any CPU
		{88BBAFCF-5506-4142-A99B-B6058493C5EC}.Debug|Any CPU.ActiveCfg = Debug|Any CPU
		{88BBAFCF-5506-4142-A99B-B6058493C5EC}.Debug|Any CPU.Build.0 = Debug|Any CPU
		{88BBAFCF-5506-4142-A99B-B6058493C5EC}.Release|Any CPU.ActiveCfg = Release|Any CPU
		{88BBAFCF-5506-4142-A99B-B6058493C5EC}.Release|Any CPU.Build.0 = Release|Any CPU
		{827F9C2F-B7EA-4512-8252-410591D5F4D6}.Debug|Any CPU.ActiveCfg = Debug|Any CPU
		{827F9C2F-B7EA-4512-8252-410591D5F4D6}.Debug|Any CPU.Build.0 = Debug|Any CPU
		{827F9C2F-B7EA-4512-8252-410591D5F4D6}.Release|Any CPU.ActiveCfg = Release|Any CPU
		{827F9C2F-B7EA-4512-8252-410591D5F4D6}.Release|Any CPU.Build.0 = Release|Any CPU
		{6DC5961F-A486-44E1-8548-E349DA9E4819}.Debug|Any CPU.ActiveCfg = Debug|Any CPU
		{6DC5961F-A486-44E1-8548-E349DA9E4819}.Debug|Any CPU.Build.0 = Debug|Any CPU
		{6DC5961F-A486-44E1-8548-E349DA9E4819}.Release|Any CPU.ActiveCfg = Release|Any CPU
		{6DC5961F-A486-44E1-8548-E349DA9E4819}.Release|Any CPU.Build.0 = Release|Any CPU
		{658EC0BF-D3BC-47F3-B8F3-1D5DB3C27455}.Debug|Any CPU.ActiveCfg = Debug|Any CPU
		{658EC0BF-D3BC-47F3-B8F3-1D5DB3C27455}.Debug|Any CPU.Build.0 = Debug|Any CPU
		{658EC0BF-D3BC-47F3-B8F3-1D5DB3C27455}.Release|Any CPU.ActiveCfg = Release|Any CPU
		{658EC0BF-D3BC-47F3-B8F3-1D5DB3C27455}.Release|Any CPU.Build.0 = Release|Any CPU
		{37713638-861F-4748-8DEE-6E14FA060317}.Debug|Any CPU.ActiveCfg = Debug|Any CPU
		{37713638-861F-4748-8DEE-6E14FA060317}.Debug|Any CPU.Build.0 = Debug|Any CPU
		{37713638-861F-4748-8DEE-6E14FA060317}.Release|Any CPU.ActiveCfg = Release|Any CPU
		{37713638-861F-4748-8DEE-6E14FA060317}.Release|Any CPU.Build.0 = Release|Any CPU
		{174FEA08-EEE0-442C-90BE-B3532669E12A}.Debug|Any CPU.ActiveCfg = Debug|Any CPU
		{174FEA08-EEE0-442C-90BE-B3532669E12A}.Debug|Any CPU.Build.0 = Debug|Any CPU
		{174FEA08-EEE0-442C-90BE-B3532669E12A}.Release|Any CPU.ActiveCfg = Release|Any CPU
		{174FEA08-EEE0-442C-90BE-B3532669E12A}.Release|Any CPU.Build.0 = Release|Any CPU
		{06B748CC-AA50-4783-B23E-F55CEAACB4EC}.Debug|Any CPU.ActiveCfg = Debug|Any CPU
		{06B748CC-AA50-4783-B23E-F55CEAACB4EC}.Debug|Any CPU.Build.0 = Debug|Any CPU
		{06B748CC-AA50-4783-B23E-F55CEAACB4EC}.Release|Any CPU.ActiveCfg = Release|Any CPU
		{06B748CC-AA50-4783-B23E-F55CEAACB4EC}.Release|Any CPU.Build.0 = Release|Any CPU
		{D2D66898-8551-43D2-A0E5-6786F742F330}.Debug|Any CPU.ActiveCfg = Debug|Any CPU
		{D2D66898-8551-43D2-A0E5-6786F742F330}.Debug|Any CPU.Build.0 = Debug|Any CPU
		{D2D66898-8551-43D2-A0E5-6786F742F330}.Release|Any CPU.ActiveCfg = Release|Any CPU
		{D2D66898-8551-43D2-A0E5-6786F742F330}.Release|Any CPU.Build.0 = Release|Any CPU
		{06A64023-957F-4F17-8947-34E2716F62F3}.Debug|Any CPU.ActiveCfg = Debug|Any CPU
		{06A64023-957F-4F17-8947-34E2716F62F3}.Debug|Any CPU.Build.0 = Debug|Any CPU
		{06A64023-957F-4F17-8947-34E2716F62F3}.Release|Any CPU.ActiveCfg = Release|Any CPU
		{06A64023-957F-4F17-8947-34E2716F62F3}.Release|Any CPU.Build.0 = Release|Any CPU
		{E408D62E-E8A4-441A-8EEB-3092EC21E710}.Debug|Any CPU.ActiveCfg = Debug|Any CPU
		{E408D62E-E8A4-441A-8EEB-3092EC21E710}.Debug|Any CPU.Build.0 = Debug|Any CPU
		{E408D62E-E8A4-441A-8EEB-3092EC21E710}.Release|Any CPU.ActiveCfg = Release|Any CPU
		{E408D62E-E8A4-441A-8EEB-3092EC21E710}.Release|Any CPU.Build.0 = Release|Any CPU
		{A398FDB8-C2BB-4762-9A43-626FF08FC715}.Debug|Any CPU.ActiveCfg = Debug|Any CPU
		{A398FDB8-C2BB-4762-9A43-626FF08FC715}.Debug|Any CPU.Build.0 = Debug|Any CPU
		{A398FDB8-C2BB-4762-9A43-626FF08FC715}.Release|Any CPU.ActiveCfg = Release|Any CPU
		{A398FDB8-C2BB-4762-9A43-626FF08FC715}.Release|Any CPU.Build.0 = Release|Any CPU
		{017C55A0-1E9B-4D46-81BD-5B7A7011C540}.Debug|Any CPU.ActiveCfg = Debug|Any CPU
		{017C55A0-1E9B-4D46-81BD-5B7A7011C540}.Debug|Any CPU.Build.0 = Debug|Any CPU
		{017C55A0-1E9B-4D46-81BD-5B7A7011C540}.Release|Any CPU.ActiveCfg = Release|Any CPU
		{017C55A0-1E9B-4D46-81BD-5B7A7011C540}.Release|Any CPU.Build.0 = Release|Any CPU
		{61B4684E-B670-414A-8412-34E247CF50D2}.Debug|Any CPU.ActiveCfg = Debug|Any CPU
		{61B4684E-B670-414A-8412-34E247CF50D2}.Debug|Any CPU.Build.0 = Debug|Any CPU
		{61B4684E-B670-414A-8412-34E247CF50D2}.Release|Any CPU.ActiveCfg = Release|Any CPU
		{61B4684E-B670-414A-8412-34E247CF50D2}.Release|Any CPU.Build.0 = Release|Any CPU
		{2738FBCC-F470-41EA-BADD-A5F884B0C8AB}.Debug|Any CPU.ActiveCfg = Debug|Any CPU
		{2738FBCC-F470-41EA-BADD-A5F884B0C8AB}.Debug|Any CPU.Build.0 = Debug|Any CPU
		{2738FBCC-F470-41EA-BADD-A5F884B0C8AB}.Release|Any CPU.ActiveCfg = Release|Any CPU
		{2738FBCC-F470-41EA-BADD-A5F884B0C8AB}.Release|Any CPU.Build.0 = Release|Any CPU
		{C4ABA54D-82F9-4555-A4A1-0E5B1641A652}.Debug|Any CPU.ActiveCfg = Debug|Any CPU
		{C4ABA54D-82F9-4555-A4A1-0E5B1641A652}.Debug|Any CPU.Build.0 = Debug|Any CPU
		{C4ABA54D-82F9-4555-A4A1-0E5B1641A652}.Release|Any CPU.ActiveCfg = Release|Any CPU
		{C4ABA54D-82F9-4555-A4A1-0E5B1641A652}.Release|Any CPU.Build.0 = Release|Any CPU
		{9752CFAA-036C-4FB2-8EE6-91AD0537F236}.Debug|Any CPU.ActiveCfg = Debug|Any CPU
		{9752CFAA-036C-4FB2-8EE6-91AD0537F236}.Debug|Any CPU.Build.0 = Debug|Any CPU
		{9752CFAA-036C-4FB2-8EE6-91AD0537F236}.Release|Any CPU.ActiveCfg = Release|Any CPU
		{9752CFAA-036C-4FB2-8EE6-91AD0537F236}.Release|Any CPU.Build.0 = Release|Any CPU
		{8E6C443F-7C23-4055-A1EF-1E2CD7EDBEF3}.Debug|Any CPU.ActiveCfg = Debug|Any CPU
		{8E6C443F-7C23-4055-A1EF-1E2CD7EDBEF3}.Debug|Any CPU.Build.0 = Debug|Any CPU
		{8E6C443F-7C23-4055-A1EF-1E2CD7EDBEF3}.Release|Any CPU.ActiveCfg = Release|Any CPU
		{8E6C443F-7C23-4055-A1EF-1E2CD7EDBEF3}.Release|Any CPU.Build.0 = Release|Any CPU
		{BBC1EB8C-99F2-4DBC-997D-60B7D54505FD}.Debug|Any CPU.ActiveCfg = Debug|Any CPU
		{BBC1EB8C-99F2-4DBC-997D-60B7D54505FD}.Debug|Any CPU.Build.0 = Debug|Any CPU
		{BBC1EB8C-99F2-4DBC-997D-60B7D54505FD}.Release|Any CPU.ActiveCfg = Release|Any CPU
		{BBC1EB8C-99F2-4DBC-997D-60B7D54505FD}.Release|Any CPU.Build.0 = Release|Any CPU
		{82BAAC61-6CDE-4DA9-84C4-26EAE9C4DE5E}.Debug|Any CPU.ActiveCfg = Debug|Any CPU
		{82BAAC61-6CDE-4DA9-84C4-26EAE9C4DE5E}.Debug|Any CPU.Build.0 = Debug|Any CPU
		{82BAAC61-6CDE-4DA9-84C4-26EAE9C4DE5E}.Release|Any CPU.ActiveCfg = Release|Any CPU
		{82BAAC61-6CDE-4DA9-84C4-26EAE9C4DE5E}.Release|Any CPU.Build.0 = Release|Any CPU
	EndGlobalSection
	GlobalSection(SolutionProperties) = preSolution
		HideSolutionNode = FALSE
	EndGlobalSection
	GlobalSection(NestedProjects) = preSolution
		{7FE3A025-C17F-4932-8E48-799B04C12B02} = {1099378E-C8A4-4DA8-AA59-1F1BF2ACD2CB}
		{A30E9463-825E-4CCC-AD98-FEF58A93F08C} = {1099378E-C8A4-4DA8-AA59-1F1BF2ACD2CB}
		{ECB35A05-6BBD-4F22-8F36-07F8205CB3EC} = {1099378E-C8A4-4DA8-AA59-1F1BF2ACD2CB}
		{6F3EB607-9C36-443C-89DB-5DAF544B3E16} = {1099378E-C8A4-4DA8-AA59-1F1BF2ACD2CB}
		{16AF8EAB-33F6-4C71-9D06-05F029C8CEFB} = {7FE3A025-C17F-4932-8E48-799B04C12B02}
		{574F09F4-1848-4C6C-BF81-8D3BD7B4950A} = {ECB35A05-6BBD-4F22-8F36-07F8205CB3EC}
		{8ECF9079-76E9-49EA-928B-4ABDB190F768} = {A30E9463-825E-4CCC-AD98-FEF58A93F08C}
		{67753E89-612F-4982-9940-817CD3B782C7} = {6F3EB607-9C36-443C-89DB-5DAF544B3E16}
		{174FEA08-EEE0-442C-90BE-B3532669E12A} = {7FE3A025-C17F-4932-8E48-799B04C12B02}
		{06B748CC-AA50-4783-B23E-F55CEAACB4EC} = {ECB35A05-6BBD-4F22-8F36-07F8205CB3EC}
		{D2D66898-8551-43D2-A0E5-6786F742F330} = {A30E9463-825E-4CCC-AD98-FEF58A93F08C}
		{06A64023-957F-4F17-8947-34E2716F62F3} = {6F3EB607-9C36-443C-89DB-5DAF544B3E16}
		{E408D62E-E8A4-441A-8EEB-3092EC21E710} = {1099378E-C8A4-4DA8-AA59-1F1BF2ACD2CB}
		{A398FDB8-C2BB-4762-9A43-626FF08FC715} = {6FBAA8C2-A4BF-426A-A9BB-1513076CA6B9}
		{017C55A0-1E9B-4D46-81BD-5B7A7011C540} = {16AF8EAB-33F6-4C71-9D06-05F029C8CEFB}
		{61B4684E-B670-414A-8412-34E247CF50D2} = {16AF8EAB-33F6-4C71-9D06-05F029C8CEFB}
		{2738FBCC-F470-41EA-BADD-A5F884B0C8AB} = {67753E89-612F-4982-9940-817CD3B782C7}
		{C4ABA54D-82F9-4555-A4A1-0E5B1641A652} = {67753E89-612F-4982-9940-817CD3B782C7}
		{9752CFAA-036C-4FB2-8EE6-91AD0537F236} = {574F09F4-1848-4C6C-BF81-8D3BD7B4950A}
		{8E6C443F-7C23-4055-A1EF-1E2CD7EDBEF3} = {574F09F4-1848-4C6C-BF81-8D3BD7B4950A}
		{BBC1EB8C-99F2-4DBC-997D-60B7D54505FD} = {8ECF9079-76E9-49EA-928B-4ABDB190F768}
		{82BAAC61-6CDE-4DA9-84C4-26EAE9C4DE5E} = {8ECF9079-76E9-49EA-928B-4ABDB190F768}
	EndGlobalSection
	GlobalSection(ExtensibilityGlobals) = postSolution
		SolutionGuid = {E887308F-275A-4296-AB73-C368628CD264}
	EndGlobalSection
EndGlobal
